// !$*UTF8*$!
{
	archiveVersion = 1;
	classes = {
	};
	objectVersion = 48;
	objects = {

/* Begin PBXBuildFile section */
		7D1B24A61FB0BD4900EE5D60 /* AppDelegate.swift in Sources */ = {isa = PBXBuildFile; fileRef = 7D1B24A51FB0BD4900EE5D60 /* AppDelegate.swift */; };
		7D1B24AB1FB0BD4A00EE5D60 /* Main.storyboard in Resources */ = {isa = PBXBuildFile; fileRef = 7D1B24A91FB0BD4A00EE5D60 /* Main.storyboard */; };
		7D1B24AD1FB0BD4A00EE5D60 /* Assets.xcassets in Resources */ = {isa = PBXBuildFile; fileRef = 7D1B24AC1FB0BD4A00EE5D60 /* Assets.xcassets */; };
		7D1B24B01FB0BD4A00EE5D60 /* LaunchScreen.storyboard in Resources */ = {isa = PBXBuildFile; fileRef = 7D1B24AE1FB0BD4A00EE5D60 /* LaunchScreen.storyboard */; };
		7D1B24B81FB0BE8000EE5D60 /* pokedex.plist in Resources */ = {isa = PBXBuildFile; fileRef = 7D1B24B71FB0BE7F00EE5D60 /* pokedex.plist */; };
		7D1B24BC1FB0C05700EE5D60 /* PokedexModel.swift in Sources */ = {isa = PBXBuildFile; fileRef = 7D1B24B91FB0C05600EE5D60 /* PokedexModel.swift */; };
		7D1B24BD1FB0C05700EE5D60 /* Type.swift in Sources */ = {isa = PBXBuildFile; fileRef = 7D1B24BA1FB0C05600EE5D60 /* Type.swift */; };
		7D1B24BE1FB0C05700EE5D60 /* Race.swift in Sources */ = {isa = PBXBuildFile; fileRef = 7D1B24BB1FB0C05700EE5D60 /* Race.swift */; };
		7D1B24C11FB0C11600EE5D60 /* races in Resources */ = {isa = PBXBuildFile; fileRef = 7D1B24BF1FB0C11600EE5D60 /* races */; };
		7D1B24C21FB0C11600EE5D60 /* types in Resources */ = {isa = PBXBuildFile; fileRef = 7D1B24C01FB0C11600EE5D60 /* types */; };
		7D1B24C41FB0C1C400EE5D60 /* TypesTableViewController.swift in Sources */ = {isa = PBXBuildFile; fileRef = 7D1B24C31FB0C1C400EE5D60 /* TypesTableViewController.swift */; };
		7D1B24C61FB0C5FC00EE5D60 /* TypeTableViewCell.swift in Sources */ = {isa = PBXBuildFile; fileRef = 7D1B24C51FB0C5FC00EE5D60 /* TypeTableViewCell.swift */; };
		7D1B24C81FB0CAC300EE5D60 /* RacesTableViewController.swift in Sources */ = {isa = PBXBuildFile; fileRef = 7D1B24C71FB0CAC300EE5D60 /* RacesTableViewController.swift */; };
		7D71FBD11FB218900068734C /* WebViewController.swift in Sources */ = {isa = PBXBuildFile; fileRef = 7D71FBD01FB218900068734C /* WebViewController.swift */; };
		7D71FBD41FB2196F0068734C /* WebKit.framework in Frameworks */ = {isa = PBXBuildFile; fileRef = 7D71FBD31FB2196E0068734C /* WebKit.framework */; };
/* End PBXBuildFile section */

/* Begin PBXFileReference section */
		7D1B24A21FB0BD4900EE5D60 /* Practica4.app */ = {isa = PBXFileReference; explicitFileType = wrapper.application; includeInIndex = 0; path = Practica4.app; sourceTree = BUILT_PRODUCTS_DIR; };
		7D1B24A51FB0BD4900EE5D60 /* AppDelegate.swift */ = {isa = PBXFileReference; lastKnownFileType = sourcecode.swift; path = AppDelegate.swift; sourceTree = "<group>"; };
		7D1B24AA1FB0BD4A00EE5D60 /* Base */ = {isa = PBXFileReference; lastKnownFileType = file.storyboard; name = Base; path = Base.lproj/Main.storyboard; sourceTree = "<group>"; };
		7D1B24AC1FB0BD4A00EE5D60 /* Assets.xcassets */ = {isa = PBXFileReference; lastKnownFileType = folder.assetcatalog; path = Assets.xcassets; sourceTree = "<group>"; };
		7D1B24AF1FB0BD4A00EE5D60 /* Base */ = {isa = PBXFileReference; lastKnownFileType = file.storyboard; name = Base; path = Base.lproj/LaunchScreen.storyboard; sourceTree = "<group>"; };
		7D1B24B11FB0BD4A00EE5D60 /* Info.plist */ = {isa = PBXFileReference; lastKnownFileType = text.plist.xml; path = Info.plist; sourceTree = "<group>"; };
		7D1B24B71FB0BE7F00EE5D60 /* pokedex.plist */ = {isa = PBXFileReference; fileEncoding = 4; lastKnownFileType = text.plist.xml; name = pokedex.plist; path = ../../../../Downloads/P4_Pokedex/P4_Pokedex/pokedex.plist; sourceTree = "<group>"; };
		7D1B24B91FB0C05600EE5D60 /* PokedexModel.swift */ = {isa = PBXFileReference; fileEncoding = 4; lastKnownFileType = sourcecode.swift; name = PokedexModel.swift; path = ../../../../Downloads/P4_Pokedex/P4_Pokedex/PokedexModel.swift; sourceTree = "<group>"; };
		7D1B24BA1FB0C05600EE5D60 /* Type.swift */ = {isa = PBXFileReference; fileEncoding = 4; lastKnownFileType = sourcecode.swift; name = Type.swift; path = ../../../../Downloads/P4_Pokedex/P4_Pokedex/Type.swift; sourceTree = "<group>"; };
		7D1B24BB1FB0C05700EE5D60 /* Race.swift */ = {isa = PBXFileReference; fileEncoding = 4; lastKnownFileType = sourcecode.swift; name = Race.swift; path = ../../../../Downloads/P4_Pokedex/P4_Pokedex/Race.swift; sourceTree = "<group>"; };
		7D1B24BF1FB0C11600EE5D60 /* races */ = {isa = PBXFileReference; lastKnownFileType = folder; name = races; path = ../../../../Downloads/P4_Pokedex/P4_Pokedex/races; sourceTree = "<group>"; };
		7D1B24C01FB0C11600EE5D60 /* types */ = {isa = PBXFileReference; lastKnownFileType = folder; name = types; path = ../../../../Downloads/P4_Pokedex/P4_Pokedex/types; sourceTree = "<group>"; };
		7D1B24C31FB0C1C400EE5D60 /* TypesTableViewController.swift */ = {isa = PBXFileReference; lastKnownFileType = sourcecode.swift; path = TypesTableViewController.swift; sourceTree = "<group>"; };
		7D1B24C51FB0C5FC00EE5D60 /* TypeTableViewCell.swift */ = {isa = PBXFileReference; lastKnownFileType = sourcecode.swift; path = TypeTableViewCell.swift; sourceTree = "<group>"; };
		7D1B24C71FB0CAC300EE5D60 /* RacesTableViewController.swift */ = {isa = PBXFileReference; lastKnownFileType = sourcecode.swift; path = RacesTableViewController.swift; sourceTree = "<group>"; };
		7D71FBD01FB218900068734C /* WebViewController.swift */ = {isa = PBXFileReference; lastKnownFileType = sourcecode.swift; path = WebViewController.swift; sourceTree = "<group>"; };
		7D71FBD31FB2196E0068734C /* WebKit.framework */ = {isa = PBXFileReference; lastKnownFileType = wrapper.framework; name = WebKit.framework; path = System/Library/Frameworks/WebKit.framework; sourceTree = SDKROOT; };
/* End PBXFileReference section */

/* Begin PBXFrameworksBuildPhase section */
		7D1B249F1FB0BD4900EE5D60 /* Frameworks */ = {
			isa = PBXFrameworksBuildPhase;
			buildActionMask = 2147483647;
			files = (
				7D71FBD41FB2196F0068734C /* WebKit.framework in Frameworks */,
			);
			runOnlyForDeploymentPostprocessing = 0;
		};
/* End PBXFrameworksBuildPhase section */

/* Begin PBXGroup section */
		7D1B24991FB0BD4900EE5D60 = {
			isa = PBXGroup;
			children = (
				7D1B24A41FB0BD4900EE5D60 /* Practica4 */,
				7D1B24A31FB0BD4900EE5D60 /* Products */,
				7D71FBD21FB2196E0068734C /* Frameworks */,
			);
			sourceTree = "<group>";
		};
		7D1B24A31FB0BD4900EE5D60 /* Products */ = {
			isa = PBXGroup;
			children = (
				7D1B24A21FB0BD4900EE5D60 /* Practica4.app */,
			);
			name = Products;
			sourceTree = "<group>";
		};
		7D1B24A41FB0BD4900EE5D60 /* Practica4 */ = {
			isa = PBXGroup;
			children = (
				7D1B24A51FB0BD4900EE5D60 /* AppDelegate.swift */,
				7D1B24AC1FB0BD4A00EE5D60 /* Assets.xcassets */,
				7D1B24B11FB0BD4A00EE5D60 /* Info.plist */,
				7D1B24AE1FB0BD4A00EE5D60 /* LaunchScreen.storyboard */,
				7D1B24A91FB0BD4A00EE5D60 /* Main.storyboard */,
				7D1B24B71FB0BE7F00EE5D60 /* pokedex.plist */,
				7D1B24B91FB0C05600EE5D60 /* PokedexModel.swift */,
				7D1B24BB1FB0C05700EE5D60 /* Race.swift */,
				7D1B24BF1FB0C11600EE5D60 /* races */,
				7D1B24BA1FB0C05600EE5D60 /* Type.swift */,
				7D1B24C01FB0C11600EE5D60 /* types */,
				7D1B24C31FB0C1C400EE5D60 /* TypesTableViewController.swift */,
				7D1B24C51FB0C5FC00EE5D60 /* TypeTableViewCell.swift */,
				7D1B24C71FB0CAC300EE5D60 /* RacesTableViewController.swift */,
				7D71FBD01FB218900068734C /* WebViewController.swift */,
			);
			path = Practica4;
			sourceTree = "<group>";
		};
		7D71FBD21FB2196E0068734C /* Frameworks */ = {
			isa = PBXGroup;
			children = (
				7D71FBD31FB2196E0068734C /* WebKit.framework */,
			);
			name = Frameworks;
			sourceTree = "<group>";
		};
/* End PBXGroup section */

/* Begin PBXNativeTarget section */
		7D1B24A11FB0BD4900EE5D60 /* Practica4 */ = {
			isa = PBXNativeTarget;
			buildConfigurationList = 7D1B24B41FB0BD4A00EE5D60 /* Build configuration list for PBXNativeTarget "Practica4" */;
			buildPhases = (
				7D1B249E1FB0BD4900EE5D60 /* Sources */,
				7D1B249F1FB0BD4900EE5D60 /* Frameworks */,
				7D1B24A01FB0BD4900EE5D60 /* Resources */,
			);
			buildRules = (
			);
			dependencies = (
			);
			name = Practica4;
			productName = Practica4;
			productReference = 7D1B24A21FB0BD4900EE5D60 /* Practica4.app */;
			productType = "com.apple.product-type.application";
		};
/* End PBXNativeTarget section */

/* Begin PBXProject section */
		7D1B249A1FB0BD4900EE5D60 /* Project object */ = {
			isa = PBXProject;
			attributes = {
				LastSwiftUpdateCheck = 0900;
				LastUpgradeCheck = 0900;
				ORGANIZATIONNAME = "Juan Carlos Díaz Torres";
				TargetAttributes = {
					7D1B24A11FB0BD4900EE5D60 = {
						CreatedOnToolsVersion = 9.0;
						ProvisioningStyle = Automatic;
					};
				};
			};
			buildConfigurationList = 7D1B249D1FB0BD4900EE5D60 /* Build configuration list for PBXProject "Practica4" */;
			compatibilityVersion = "Xcode 8.0";
			developmentRegion = en;
			hasScannedForEncodings = 0;
			knownRegions = (
				en,
				Base,
			);
			mainGroup = 7D1B24991FB0BD4900EE5D60;
			productRefGroup = 7D1B24A31FB0BD4900EE5D60 /* Products */;
			projectDirPath = "";
			projectRoot = "";
			targets = (
				7D1B24A11FB0BD4900EE5D60 /* Practica4 */,
			);
		};
/* End PBXProject section */

/* Begin PBXResourcesBuildPhase section */
		7D1B24A01FB0BD4900EE5D60 /* Resources */ = {
			isa = PBXResourcesBuildPhase;
			buildActionMask = 2147483647;
			files = (
				7D1B24C21FB0C11600EE5D60 /* types in Resources */,
				7D1B24B01FB0BD4A00EE5D60 /* LaunchScreen.storyboard in Resources */,
				7D1B24AD1FB0BD4A00EE5D60 /* Assets.xcassets in Resources */,
				7D1B24AB1FB0BD4A00EE5D60 /* Main.storyboard in Resources */,
				7D1B24B81FB0BE8000EE5D60 /* pokedex.plist in Resources */,
				7D1B24C11FB0C11600EE5D60 /* races in Resources */,
			);
			runOnlyForDeploymentPostprocessing = 0;
		};
/* End PBXResourcesBuildPhase section */

/* Begin PBXSourcesBuildPhase section */
		7D1B249E1FB0BD4900EE5D60 /* Sources */ = {
			isa = PBXSourcesBuildPhase;
			buildActionMask = 2147483647;
			files = (
				7D1B24BC1FB0C05700EE5D60 /* PokedexModel.swift in Sources */,
				7D1B24C61FB0C5FC00EE5D60 /* TypeTableViewCell.swift in Sources */,
				7D1B24C41FB0C1C400EE5D60 /* TypesTableViewController.swift in Sources */,
				7D1B24A61FB0BD4900EE5D60 /* AppDelegate.swift in Sources */,
				7D1B24C81FB0CAC300EE5D60 /* RacesTableViewController.swift in Sources */,
				7D1B24BD1FB0C05700EE5D60 /* Type.swift in Sources */,
				7D1B24BE1FB0C05700EE5D60 /* Race.swift in Sources */,
				7D71FBD11FB218900068734C /* WebViewController.swift in Sources */,
			);
			runOnlyForDeploymentPostprocessing = 0;
		};
/* End PBXSourcesBuildPhase section */

/* Begin PBXVariantGroup section */
		7D1B24A91FB0BD4A00EE5D60 /* Main.storyboard */ = {
			isa = PBXVariantGroup;
			children = (
				7D1B24AA1FB0BD4A00EE5D60 /* Base */,
			);
			name = Main.storyboard;
			sourceTree = "<group>";
		};
		7D1B24AE1FB0BD4A00EE5D60 /* LaunchScreen.storyboard */ = {
			isa = PBXVariantGroup;
			children = (
				7D1B24AF1FB0BD4A00EE5D60 /* Base */,
			);
			name = LaunchScreen.storyboard;
			sourceTree = "<group>";
		};
/* End PBXVariantGroup section */

/* Begin XCBuildConfiguration section */
		7D1B24B21FB0BD4A00EE5D60 /* Debug */ = {
			isa = XCBuildConfiguration;
			buildSettings = {
				ALWAYS_SEARCH_USER_PATHS = NO;
				CLANG_ANALYZER_NONNULL = YES;
				CLANG_ANALYZER_NUMBER_OBJECT_CONVERSION = YES_AGGRESSIVE;
				CLANG_CXX_LANGUAGE_STANDARD = "gnu++14";
				CLANG_CXX_LIBRARY = "libc++";
				CLANG_ENABLE_MODULES = YES;
				CLANG_ENABLE_OBJC_ARC = YES;
				CLANG_WARN_BLOCK_CAPTURE_AUTORELEASING = YES;
				CLANG_WARN_BOOL_CONVERSION = YES;
				CLANG_WARN_COMMA = YES;
				CLANG_WARN_CONSTANT_CONVERSION = YES;
				CLANG_WARN_DIRECT_OBJC_ISA_USAGE = YES_ERROR;
				CLANG_WARN_DOCUMENTATION_COMMENTS = YES;
				CLANG_WARN_EMPTY_BODY = YES;
				CLANG_WARN_ENUM_CONVERSION = YES;
				CLANG_WARN_INFINITE_RECURSION = YES;
				CLANG_WARN_INT_CONVERSION = YES;
				CLANG_WARN_NON_LITERAL_NULL_CONVERSION = YES;
				CLANG_WARN_OBJC_LITERAL_CONVERSION = YES;
				CLANG_WARN_OBJC_ROOT_CLASS = YES_ERROR;
				CLANG_WARN_RANGE_LOOP_ANALYSIS = YES;
				CLANG_WARN_STRICT_PROTOTYPES = YES;
				CLANG_WARN_SUSPICIOUS_MOVE = YES;
				CLANG_WARN_UNGUARDED_AVAILABILITY = YES_AGGRESSIVE;
				CLANG_WARN_UNREACHABLE_CODE = YES;
				CLANG_WARN__DUPLICATE_METHOD_MATCH = YES;
				CODE_SIGN_IDENTITY = "iPhone Developer";
				COPY_PHASE_STRIP = NO;
				DEBUG_INFORMATION_FORMAT = dwarf;
				ENABLE_STRICT_OBJC_MSGSEND = YES;
				ENABLE_TESTABILITY = YES;
				GCC_C_LANGUAGE_STANDARD = gnu11;
				GCC_DYNAMIC_NO_PIC = NO;
				GCC_NO_COMMON_BLOCKS = YES;
				GCC_OPTIMIZATION_LEVEL = 0;
				GCC_PREPROCESSOR_DEFINITIONS = (
					"DEBUG=1",
					"$(inherited)",
				);
				GCC_WARN_64_TO_32_BIT_CONVERSION = YES;
				GCC_WARN_ABOUT_RETURN_TYPE = YES_ERROR;
				GCC_WARN_UNDECLARED_SELECTOR = YES;
				GCC_WARN_UNINITIALIZED_AUTOS = YES_AGGRESSIVE;
				GCC_WARN_UNUSED_FUNCTION = YES;
				GCC_WARN_UNUSED_VARIABLE = YES;
				IPHONEOS_DEPLOYMENT_TARGET = 11.0;
				MTL_ENABLE_DEBUG_INFO = YES;
				ONLY_ACTIVE_ARCH = YES;
				SDKROOT = iphoneos;
				SWIFT_ACTIVE_COMPILATION_CONDITIONS = DEBUG;
				SWIFT_OPTIMIZATION_LEVEL = "-Onone";
			};
			name = Debug;
		};
		7D1B24B31FB0BD4A00EE5D60 /* Release */ = {
			isa = XCBuildConfiguration;
			buildSettings = {
				ALWAYS_SEARCH_USER_PATHS = NO;
				CLANG_ANALYZER_NONNULL = YES;
				CLANG_ANALYZER_NUMBER_OBJECT_CONVERSION = YES_AGGRESSIVE;
				CLANG_CXX_LANGUAGE_STANDARD = "gnu++14";
				CLANG_CXX_LIBRARY = "libc++";
				CLANG_ENABLE_MODULES = YES;
				CLANG_ENABLE_OBJC_ARC = YES;
				CLANG_WARN_BLOCK_CAPTURE_AUTORELEASING = YES;
				CLANG_WARN_BOOL_CONVERSION = YES;
				CLANG_WARN_COMMA = YES;
				CLANG_WARN_CONSTANT_CONVERSION = YES;
				CLANG_WARN_DIRECT_OBJC_ISA_USAGE = YES_ERROR;
				CLANG_WARN_DOCUMENTATION_COMMENTS = YES;
				CLANG_WARN_EMPTY_BODY = YES;
				CLANG_WARN_ENUM_CONVERSION = YES;
				CLANG_WARN_INFINITE_RECURSION = YES;
				CLANG_WARN_INT_CONVERSION = YES;
				CLANG_WARN_NON_LITERAL_NULL_CONVERSION = YES;
				CLANG_WARN_OBJC_LITERAL_CONVERSION = YES;
				CLANG_WARN_OBJC_ROOT_CLASS = YES_ERROR;
				CLANG_WARN_RANGE_LOOP_ANALYSIS = YES;
				CLANG_WARN_STRICT_PROTOTYPES = YES;
				CLANG_WARN_SUSPICIOUS_MOVE = YES;
				CLANG_WARN_UNGUARDED_AVAILABILITY = YES_AGGRESSIVE;
				CLANG_WARN_UNREACHABLE_CODE = YES;
				CLANG_WARN__DUPLICATE_METHOD_MATCH = YES;
				CODE_SIGN_IDENTITY = "iPhone Developer";
				COPY_PHASE_STRIP = NO;
				DEBUG_INFORMATION_FORMAT = "dwarf-with-dsym";
				ENABLE_NS_ASSERTIONS = NO;
				ENABLE_STRICT_OBJC_MSGSEND = YES;
				GCC_C_LANGUAGE_STANDARD = gnu11;
				GCC_NO_COMMON_BLOCKS = YES;
				GCC_WARN_64_TO_32_BIT_CONVERSION = YES;
				GCC_WARN_ABOUT_RETURN_TYPE = YES_ERROR;
				GCC_WARN_UNDECLARED_SELECTOR = YES;
				GCC_WARN_UNINITIALIZED_AUTOS = YES_AGGRESSIVE;
				GCC_WARN_UNUSED_FUNCTION = YES;
				GCC_WARN_UNUSED_VARIABLE = YES;
				IPHONEOS_DEPLOYMENT_TARGET = 11.0;
				MTL_ENABLE_DEBUG_INFO = NO;
				SDKROOT = iphoneos;
				SWIFT_OPTIMIZATION_LEVEL = "-Owholemodule";
				VALIDATE_PRODUCT = YES;
			};
			name = Release;
		};
		7D1B24B51FB0BD4A00EE5D60 /* Debug */ = {
			isa = XCBuildConfiguration;
			buildSettings = {
				ASSETCATALOG_COMPILER_APPICON_NAME = AppIcon;
				CODE_SIGN_STYLE = Automatic;
				INFOPLIST_FILE = Practica4/Info.plist;
				LD_RUNPATH_SEARCH_PATHS = "$(inherited) @executable_path/Frameworks";
				PRODUCT_BUNDLE_IDENTIFIER = UPM.Practica4;
				PRODUCT_NAME = "$(TARGET_NAME)";
				SWIFT_VERSION = 4.0;
				TARGETED_DEVICE_FAMILY = "1,2";
			};
			name = Debug;
		};
		7D1B24B61FB0BD4A00EE5D60 /* Release */ = {
			isa = XCBuildConfiguration;
			buildSettings = {
				ASSETCATALOG_COMPILER_APPICON_NAME = AppIcon;
				CODE_SIGN_STYLE = Automatic;
				INFOPLIST_FILE = Practica4/Info.plist;
				LD_RUNPATH_SEARCH_PATHS = "$(inherited) @executable_path/Frameworks";
				PRODUCT_BUNDLE_IDENTIFIER = UPM.Practica4;
				PRODUCT_NAME = "$(TARGET_NAME)";
				SWIFT_VERSION = 4.0;
				TARGETED_DEVICE_FAMILY = "1,2";
			};
			name = Release;
		};
/* End XCBuildConfiguration section */

/* Begin XCConfigurationList section */
		7D1B249D1FB0BD4900EE5D60 /* Build configuration list for PBXProject "Practica4" */ = {
			isa = XCConfigurationList;
			buildConfigurations = (
				7D1B24B21FB0BD4A00EE5D60 /* Debug */,
				7D1B24B31FB0BD4A00EE5D60 /* Release */,
			);
			defaultConfigurationIsVisible = 0;
			defaultConfigurationName = Release;
		};
		7D1B24B41FB0BD4A00EE5D60 /* Build configuration list for PBXNativeTarget "Practica4" */ = {
			isa = XCConfigurationList;
			buildConfigurations = (
				7D1B24B51FB0BD4A00EE5D60 /* Debug */,
				7D1B24B61FB0BD4A00EE5D60 /* Release */,
			);
			defaultConfigurationIsVisible = 0;
			defaultConfigurationName = Release;
		};
/* End XCConfigurationList section */
	};
	rootObject = 7D1B249A1FB0BD4900EE5D60 /* Project object */;
}
